// !$*UTF8*$!
{
	archiveVersion = 1;
	classes = {
	};
	objectVersion = 46;
	objects = {

/* Begin PBXBuildFile section */
		736B4FDB1D087E9A00DDFF89 /* ROXEventTableViewCell.swift in Sources */ = {isa = PBXBuildFile; fileRef = 736B4FD91D087E9A00DDFF89 /* ROXEventTableViewCell.swift */; };
		736B4FDC1D087E9A00DDFF89 /* ROXEventTableViewCell.swift in Sources */ = {isa = PBXBuildFile; fileRef = 736B4FD91D087E9A00DDFF89 /* ROXEventTableViewCell.swift */; };
		736B4FDD1D087E9A00DDFF89 /* ROXEventTableViewCell.xib in Resources */ = {isa = PBXBuildFile; fileRef = 736B4FDA1D087E9A00DDFF89 /* ROXEventTableViewCell.xib */; };
		736B4FDE1D087E9A00DDFF89 /* ROXEventTableViewCell.xib in Resources */ = {isa = PBXBuildFile; fileRef = 736B4FDA1D087E9A00DDFF89 /* ROXEventTableViewCell.xib */; };
		736B4FE01D08A2E400DDFF89 /* ROXIMITYEventColors.swift in Sources */ = {isa = PBXBuildFile; fileRef = 736B4FDF1D08A2E400DDFF89 /* ROXIMITYEventColors.swift */; };
		736B4FE11D08A2E400DDFF89 /* ROXIMITYEventColors.swift in Sources */ = {isa = PBXBuildFile; fileRef = 736B4FDF1D08A2E400DDFF89 /* ROXIMITYEventColors.swift */; };
		736B4FE31D08AE6900DDFF89 /* EventHistoryUpdateResponder.swift in Sources */ = {isa = PBXBuildFile; fileRef = 736B4FE21D08AE6900DDFF89 /* EventHistoryUpdateResponder.swift */; };
		736B4FE41D08AE6900DDFF89 /* EventHistoryUpdateResponder.swift in Sources */ = {isa = PBXBuildFile; fileRef = 736B4FE21D08AE6900DDFF89 /* EventHistoryUpdateResponder.swift */; };
		7396BD1E1D077A700054786E /* AppDelegate.swift in Sources */ = {isa = PBXBuildFile; fileRef = 7396BD1D1D077A700054786E /* AppDelegate.swift */; };
		7396BD201D077A700054786E /* ViewController.swift in Sources */ = {isa = PBXBuildFile; fileRef = 7396BD1F1D077A700054786E /* ViewController.swift */; };
		7396BD231D077A700054786E /* Main.storyboard in Resources */ = {isa = PBXBuildFile; fileRef = 7396BD211D077A700054786E /* Main.storyboard */; };
		7396BD251D077A700054786E /* Assets.xcassets in Resources */ = {isa = PBXBuildFile; fileRef = 7396BD241D077A700054786E /* Assets.xcassets */; };
		7396BD281D077A700054786E /* LaunchScreen.storyboard in Resources */ = {isa = PBXBuildFile; fileRef = 7396BD261D077A700054786E /* LaunchScreen.storyboard */; };
		7396BD331D077A710054786E /* SwiftDevStarterTests.swift in Sources */ = {isa = PBXBuildFile; fileRef = 7396BD321D077A710054786E /* SwiftDevStarterTests.swift */; };
		7396BD4D1D077AFC0054786E /* libROXIMITYSDK.a in Frameworks */ = {isa = PBXBuildFile; fileRef = 7396BD3D1D077AFC0054786E /* libROXIMITYSDK.a */; };
		7396BD4E1D077AFC0054786E /* ROXIMITYSDK.bundle in Resources */ = {isa = PBXBuildFile; fileRef = 7396BD4C1D077AFC0054786E /* ROXIMITYSDK.bundle */; };
		7396BD531D077F6F0054786E /* AdSupport.framework in Frameworks */ = {isa = PBXBuildFile; fileRef = 7396BD521D077F6F0054786E /* AdSupport.framework */; };
		7396BD551D077F760054786E /* CoreTelephony.framework in Frameworks */ = {isa = PBXBuildFile; fileRef = 7396BD541D077F760054786E /* CoreTelephony.framework */; };
		7396BD571D077F7C0054786E /* MobileCoreServices.framework in Frameworks */ = {isa = PBXBuildFile; fileRef = 7396BD561D077F7C0054786E /* MobileCoreServices.framework */; };
		7396BD591D077F810054786E /* SystemConfiguration.framework in Frameworks */ = {isa = PBXBuildFile; fileRef = 7396BD581D077F810054786E /* SystemConfiguration.framework */; };
		7396BD5B1D0785F10054786E /* SDKObserver.swift in Sources */ = {isa = PBXBuildFile; fileRef = 7396BD5A1D0785F10054786E /* SDKObserver.swift */; };
		7396BD5C1D0785F10054786E /* SDKObserver.swift in Sources */ = {isa = PBXBuildFile; fileRef = 7396BD5A1D0785F10054786E /* SDKObserver.swift */; };
/* End PBXBuildFile section */

/* Begin PBXContainerItemProxy section */
		7396BD2F1D077A710054786E /* PBXContainerItemProxy */ = {
			isa = PBXContainerItemProxy;
			containerPortal = 7396BD121D077A700054786E /* Project object */;
			proxyType = 1;
			remoteGlobalIDString = 7396BD191D077A700054786E;
			remoteInfo = SwiftDevStarter;
		};
/* End PBXContainerItemProxy section */

/* Begin PBXFileReference section */
		736B4FD91D087E9A00DDFF89 /* ROXEventTableViewCell.swift */ = {isa = PBXFileReference; fileEncoding = 4; lastKnownFileType = sourcecode.swift; path = ROXEventTableViewCell.swift; sourceTree = "<group>"; };
		736B4FDA1D087E9A00DDFF89 /* ROXEventTableViewCell.xib */ = {isa = PBXFileReference; fileEncoding = 4; lastKnownFileType = file.xib; path = ROXEventTableViewCell.xib; sourceTree = "<group>"; };
		736B4FDF1D08A2E400DDFF89 /* ROXIMITYEventColors.swift */ = {isa = PBXFileReference; fileEncoding = 4; lastKnownFileType = sourcecode.swift; path = ROXIMITYEventColors.swift; sourceTree = "<group>"; };
		736B4FE21D08AE6900DDFF89 /* EventHistoryUpdateResponder.swift */ = {isa = PBXFileReference; fileEncoding = 4; lastKnownFileType = sourcecode.swift; path = EventHistoryUpdateResponder.swift; sourceTree = "<group>"; };
		7396BD1A1D077A700054786E /* SwiftDevStarter.app */ = {isa = PBXFileReference; explicitFileType = wrapper.application; includeInIndex = 0; path = SwiftDevStarter.app; sourceTree = BUILT_PRODUCTS_DIR; };
		7396BD1D1D077A700054786E /* AppDelegate.swift */ = {isa = PBXFileReference; lastKnownFileType = sourcecode.swift; path = AppDelegate.swift; sourceTree = "<group>"; };
		7396BD1F1D077A700054786E /* ViewController.swift */ = {isa = PBXFileReference; lastKnownFileType = sourcecode.swift; path = ViewController.swift; sourceTree = "<group>"; };
		7396BD221D077A700054786E /* Base */ = {isa = PBXFileReference; lastKnownFileType = file.storyboard; name = Base; path = Base.lproj/Main.storyboard; sourceTree = "<group>"; };
		7396BD241D077A700054786E /* Assets.xcassets */ = {isa = PBXFileReference; lastKnownFileType = folder.assetcatalog; path = Assets.xcassets; sourceTree = "<group>"; };
		7396BD271D077A700054786E /* Base */ = {isa = PBXFileReference; lastKnownFileType = file.storyboard; name = Base; path = Base.lproj/LaunchScreen.storyboard; sourceTree = "<group>"; };
		7396BD291D077A700054786E /* Info.plist */ = {isa = PBXFileReference; lastKnownFileType = text.plist.xml; path = Info.plist; sourceTree = "<group>"; };
		7396BD2E1D077A710054786E /* SwiftDevStarterTests.xctest */ = {isa = PBXFileReference; explicitFileType = wrapper.cfbundle; includeInIndex = 0; path = SwiftDevStarterTests.xctest; sourceTree = BUILT_PRODUCTS_DIR; };
		7396BD321D077A710054786E /* SwiftDevStarterTests.swift */ = {isa = PBXFileReference; lastKnownFileType = sourcecode.swift; path = SwiftDevStarterTests.swift; sourceTree = "<group>"; };
		7396BD341D077A710054786E /* Info.plist */ = {isa = PBXFileReference; lastKnownFileType = text.plist.xml; path = Info.plist; sourceTree = "<group>"; };
		7396BD3D1D077AFC0054786E /* libROXIMITYSDK.a */ = {isa = PBXFileReference; lastKnownFileType = archive.ar; path = libROXIMITYSDK.a; sourceTree = "<group>"; };
		7396BD3F1D077AFC0054786E /* ROXActionPresentationType.h */ = {isa = PBXFileReference; fileEncoding = 4; lastKnownFileType = sourcecode.c.h; path = ROXActionPresentationType.h; sourceTree = "<group>"; };
		7396BD401D077AFC0054786E /* ROXBeaconRangeUpdateDelegate.h */ = {isa = PBXFileReference; fileEncoding = 4; lastKnownFileType = sourcecode.c.h; path = ROXBeaconRangeUpdateDelegate.h; sourceTree = "<group>"; };
		7396BD411D077AFC0054786E /* ROXDeviceHookDelegate.h */ = {isa = PBXFileReference; fileEncoding = 4; lastKnownFileType = sourcecode.c.h; path = ROXDeviceHookDelegate.h; sourceTree = "<group>"; };
		7396BD421D077AFC0054786E /* ROXEventInfo.h */ = {isa = PBXFileReference; fileEncoding = 4; lastKnownFileType = sourcecode.c.h; path = ROXEventInfo.h; sourceTree = "<group>"; };
		7396BD431D077AFC0054786E /* ROXIMITYAction.h */ = {isa = PBXFileReference; fileEncoding = 4; lastKnownFileType = sourcecode.c.h; path = ROXIMITYAction.h; sourceTree = "<group>"; };
		7396BD441D077AFC0054786E /* ROXIMITYEngine.h */ = {isa = PBXFileReference; fileEncoding = 4; lastKnownFileType = sourcecode.c.h; path = ROXIMITYEngine.h; sourceTree = "<group>"; };
		7396BD451D077AFC0054786E /* ROXIMITYSDK.h */ = {isa = PBXFileReference; fileEncoding = 4; lastKnownFileType = sourcecode.c.h; path = ROXIMITYSDK.h; sourceTree = "<group>"; };
		7396BD461D077AFC0054786E /* ROXIMITYSignal.h */ = {isa = PBXFileReference; fileEncoding = 4; lastKnownFileType = sourcecode.c.h; path = ROXIMITYSignal.h; sourceTree = "<group>"; };
		7396BD471D077AFC0054786E /* ROXNotifications.h */ = {isa = PBXFileReference; fileEncoding = 4; lastKnownFileType = sourcecode.c.h; path = ROXNotifications.h; sourceTree = "<group>"; };
		7396BD481D077AFC0054786E /* ROXPublicActionReporter.h */ = {isa = PBXFileReference; fileEncoding = 4; lastKnownFileType = sourcecode.c.h; path = ROXPublicActionReporter.h; sourceTree = "<group>"; };
		7396BD491D077AFC0054786E /* ROXPublicSignalReporter.h */ = {isa = PBXFileReference; fileEncoding = 4; lastKnownFileType = sourcecode.c.h; path = ROXPublicSignalReporter.h; sourceTree = "<group>"; };
		7396BD4A1D077AFC0054786E /* ROXSignalEventType.h */ = {isa = PBXFileReference; fileEncoding = 4; lastKnownFileType = sourcecode.c.h; path = ROXSignalEventType.h; sourceTree = "<group>"; };
		7396BD4B1D077AFC0054786E /* ROXSignalOriginType.h */ = {isa = PBXFileReference; fileEncoding = 4; lastKnownFileType = sourcecode.c.h; path = ROXSignalOriginType.h; sourceTree = "<group>"; };
		7396BD4C1D077AFC0054786E /* ROXIMITYSDK.bundle */ = {isa = PBXFileReference; lastKnownFileType = "wrapper.plug-in"; path = ROXIMITYSDK.bundle; sourceTree = "<group>"; };
		7396BD511D077C380054786E /* SwiftDevStarter-Bridging-Header.h */ = {isa = PBXFileReference; lastKnownFileType = sourcecode.c.h; path = "SwiftDevStarter-Bridging-Header.h"; sourceTree = "<group>"; };
		7396BD521D077F6F0054786E /* AdSupport.framework */ = {isa = PBXFileReference; lastKnownFileType = wrapper.framework; name = AdSupport.framework; path = System/Library/Frameworks/AdSupport.framework; sourceTree = SDKROOT; };
		7396BD541D077F760054786E /* CoreTelephony.framework */ = {isa = PBXFileReference; lastKnownFileType = wrapper.framework; name = CoreTelephony.framework; path = System/Library/Frameworks/CoreTelephony.framework; sourceTree = SDKROOT; };
		7396BD561D077F7C0054786E /* MobileCoreServices.framework */ = {isa = PBXFileReference; lastKnownFileType = wrapper.framework; name = MobileCoreServices.framework; path = System/Library/Frameworks/MobileCoreServices.framework; sourceTree = SDKROOT; };
		7396BD581D077F810054786E /* SystemConfiguration.framework */ = {isa = PBXFileReference; lastKnownFileType = wrapper.framework; name = SystemConfiguration.framework; path = System/Library/Frameworks/SystemConfiguration.framework; sourceTree = SDKROOT; };
		7396BD5A1D0785F10054786E /* SDKObserver.swift */ = {isa = PBXFileReference; fileEncoding = 4; lastKnownFileType = sourcecode.swift; path = SDKObserver.swift; sourceTree = "<group>"; };
/* End PBXFileReference section */

/* Begin PBXFrameworksBuildPhase section */
		7396BD171D077A700054786E /* Frameworks */ = {
			isa = PBXFrameworksBuildPhase;
			buildActionMask = 2147483647;
			files = (
				7396BD591D077F810054786E /* SystemConfiguration.framework in Frameworks */,
				7396BD571D077F7C0054786E /* MobileCoreServices.framework in Frameworks */,
				7396BD551D077F760054786E /* CoreTelephony.framework in Frameworks */,
				7396BD531D077F6F0054786E /* AdSupport.framework in Frameworks */,
				7396BD4D1D077AFC0054786E /* libROXIMITYSDK.a in Frameworks */,
			);
			runOnlyForDeploymentPostprocessing = 0;
		};
		7396BD2B1D077A710054786E /* Frameworks */ = {
			isa = PBXFrameworksBuildPhase;
			buildActionMask = 2147483647;
			files = (
			);
			runOnlyForDeploymentPostprocessing = 0;
		};
/* End PBXFrameworksBuildPhase section */

/* Begin PBXGroup section */
		7396BD111D077A700054786E = {
			isa = PBXGroup;
			children = (
				7396BD581D077F810054786E /* SystemConfiguration.framework */,
				7396BD561D077F7C0054786E /* MobileCoreServices.framework */,
				7396BD541D077F760054786E /* CoreTelephony.framework */,
				7396BD521D077F6F0054786E /* AdSupport.framework */,
				7396BD1C1D077A700054786E /* SwiftDevStarter */,
				7396BD311D077A710054786E /* SwiftDevStarterTests */,
				7396BD1B1D077A700054786E /* Products */,
			);
			sourceTree = "<group>";
		};
		7396BD1B1D077A700054786E /* Products */ = {
			isa = PBXGroup;
			children = (
				7396BD1A1D077A700054786E /* SwiftDevStarter.app */,
				7396BD2E1D077A710054786E /* SwiftDevStarterTests.xctest */,
			);
			name = Products;
			sourceTree = "<group>";
		};
		7396BD1C1D077A700054786E /* SwiftDevStarter */ = {
			isa = PBXGroup;
			children = (
				7396BD1D1D077A700054786E /* AppDelegate.swift */,
				7396BD1F1D077A700054786E /* ViewController.swift */,
				7396BD211D077A700054786E /* Main.storyboard */,
				7396BD241D077A700054786E /* Assets.xcassets */,
				7396BD261D077A700054786E /* LaunchScreen.storyboard */,
				7396BD4F1D077B010054786E /* ROXIMITY */,
				7396BD291D077A700054786E /* Info.plist */,
				7396BD511D077C380054786E /* SwiftDevStarter-Bridging-Header.h */,
				7396BD5A1D0785F10054786E /* SDKObserver.swift */,
				736B4FD91D087E9A00DDFF89 /* ROXEventTableViewCell.swift */,
				736B4FDA1D087E9A00DDFF89 /* ROXEventTableViewCell.xib */,
				736B4FDF1D08A2E400DDFF89 /* ROXIMITYEventColors.swift */,
				736B4FE21D08AE6900DDFF89 /* EventHistoryUpdateResponder.swift */,
			);
			path = SwiftDevStarter;
			sourceTree = "<group>";
		};
		7396BD311D077A710054786E /* SwiftDevStarterTests */ = {
			isa = PBXGroup;
			children = (
				7396BD321D077A710054786E /* SwiftDevStarterTests.swift */,
				7396BD341D077A710054786E /* Info.plist */,
			);
			path = SwiftDevStarterTests;
			sourceTree = "<group>";
		};
		7396BD3E1D077AFC0054786E /* ROXIMITYSDK */ = {
			isa = PBXGroup;
			children = (
				7396BD3F1D077AFC0054786E /* ROXActionPresentationType.h */,
				7396BD401D077AFC0054786E /* ROXBeaconRangeUpdateDelegate.h */,
				7396BD411D077AFC0054786E /* ROXDeviceHookDelegate.h */,
				7396BD421D077AFC0054786E /* ROXEventInfo.h */,
				7396BD431D077AFC0054786E /* ROXIMITYAction.h */,
				7396BD441D077AFC0054786E /* ROXIMITYEngine.h */,
				7396BD451D077AFC0054786E /* ROXIMITYSDK.h */,
				7396BD461D077AFC0054786E /* ROXIMITYSignal.h */,
				7396BD471D077AFC0054786E /* ROXNotifications.h */,
				7396BD481D077AFC0054786E /* ROXPublicActionReporter.h */,
				7396BD491D077AFC0054786E /* ROXPublicSignalReporter.h */,
				7396BD4A1D077AFC0054786E /* ROXSignalEventType.h */,
				7396BD4B1D077AFC0054786E /* ROXSignalOriginType.h */,
			);
			path = ROXIMITYSDK;
			sourceTree = "<group>";
		};
		7396BD4F1D077B010054786E /* ROXIMITY */ = {
			isa = PBXGroup;
			children = (
				7396BD3D1D077AFC0054786E /* libROXIMITYSDK.a */,
				7396BD3E1D077AFC0054786E /* ROXIMITYSDK */,
				7396BD4C1D077AFC0054786E /* ROXIMITYSDK.bundle */,
			);
			name = ROXIMITY;
			sourceTree = "<group>";
		};
/* End PBXGroup section */

/* Begin PBXNativeTarget section */
		7396BD191D077A700054786E /* SwiftDevStarter */ = {
			isa = PBXNativeTarget;
			buildConfigurationList = 7396BD371D077A710054786E /* Build configuration list for PBXNativeTarget "SwiftDevStarter" */;
			buildPhases = (
				7396BD161D077A700054786E /* Sources */,
				7396BD171D077A700054786E /* Frameworks */,
				7396BD181D077A700054786E /* Resources */,
			);
			buildRules = (
			);
			dependencies = (
			);
			name = SwiftDevStarter;
			productName = SwiftDevStarter;
			productReference = 7396BD1A1D077A700054786E /* SwiftDevStarter.app */;
			productType = "com.apple.product-type.application";
		};
		7396BD2D1D077A710054786E /* SwiftDevStarterTests */ = {
			isa = PBXNativeTarget;
			buildConfigurationList = 7396BD3A1D077A710054786E /* Build configuration list for PBXNativeTarget "SwiftDevStarterTests" */;
			buildPhases = (
				7396BD2A1D077A710054786E /* Sources */,
				7396BD2B1D077A710054786E /* Frameworks */,
				7396BD2C1D077A710054786E /* Resources */,
			);
			buildRules = (
			);
			dependencies = (
				7396BD301D077A710054786E /* PBXTargetDependency */,
			);
			name = SwiftDevStarterTests;
			productName = SwiftDevStarterTests;
			productReference = 7396BD2E1D077A710054786E /* SwiftDevStarterTests.xctest */;
			productType = "com.apple.product-type.bundle.unit-test";
		};
/* End PBXNativeTarget section */

/* Begin PBXProject section */
		7396BD121D077A700054786E /* Project object */ = {
			isa = PBXProject;
			attributes = {
				LastSwiftUpdateCheck = 0730;
				LastUpgradeCheck = 0730;
				ORGANIZATIONNAME = ROXIMITY;
				TargetAttributes = {
					7396BD191D077A700054786E = {
						CreatedOnToolsVersion = 7.3.1;
						SystemCapabilities = {
							com.apple.BackgroundModes = {
								enabled = 1;
							};
						};
					};
					7396BD2D1D077A710054786E = {
						CreatedOnToolsVersion = 7.3.1;
						TestTargetID = 7396BD191D077A700054786E;
					};
				};
			};
			buildConfigurationList = 7396BD151D077A700054786E /* Build configuration list for PBXProject "SwiftDevStarter" */;
			compatibilityVersion = "Xcode 3.2";
			developmentRegion = English;
			hasScannedForEncodings = 0;
			knownRegions = (
				en,
				Base,
			);
			mainGroup = 7396BD111D077A700054786E;
			productRefGroup = 7396BD1B1D077A700054786E /* Products */;
			projectDirPath = "";
			projectRoot = "";
			targets = (
				7396BD191D077A700054786E /* SwiftDevStarter */,
				7396BD2D1D077A710054786E /* SwiftDevStarterTests */,
			);
		};
/* End PBXProject section */

/* Begin PBXResourcesBuildPhase section */
		7396BD181D077A700054786E /* Resources */ = {
			isa = PBXResourcesBuildPhase;
			buildActionMask = 2147483647;
			files = (
				7396BD281D077A700054786E /* LaunchScreen.storyboard in Resources */,
				7396BD4E1D077AFC0054786E /* ROXIMITYSDK.bundle in Resources */,
				7396BD251D077A700054786E /* Assets.xcassets in Resources */,
				736B4FDD1D087E9A00DDFF89 /* ROXEventTableViewCell.xib in Resources */,
				7396BD231D077A700054786E /* Main.storyboard in Resources */,
			);
			runOnlyForDeploymentPostprocessing = 0;
		};
		7396BD2C1D077A710054786E /* Resources */ = {
			isa = PBXResourcesBuildPhase;
			buildActionMask = 2147483647;
			files = (
				736B4FDE1D087E9A00DDFF89 /* ROXEventTableViewCell.xib in Resources */,
			);
			runOnlyForDeploymentPostprocessing = 0;
		};
/* End PBXResourcesBuildPhase section */

/* Begin PBXSourcesBuildPhase section */
		7396BD161D077A700054786E /* Sources */ = {
			isa = PBXSourcesBuildPhase;
			buildActionMask = 2147483647;
			files = (
				736B4FDB1D087E9A00DDFF89 /* ROXEventTableViewCell.swift in Sources */,
				736B4FE01D08A2E400DDFF89 /* ROXIMITYEventColors.swift in Sources */,
				7396BD201D077A700054786E /* ViewController.swift in Sources */,
				736B4FE31D08AE6900DDFF89 /* EventHistoryUpdateResponder.swift in Sources */,
				7396BD1E1D077A700054786E /* AppDelegate.swift in Sources */,
				7396BD5B1D0785F10054786E /* SDKObserver.swift in Sources */,
			);
			runOnlyForDeploymentPostprocessing = 0;
		};
		7396BD2A1D077A710054786E /* Sources */ = {
			isa = PBXSourcesBuildPhase;
			buildActionMask = 2147483647;
			files = (
				7396BD5C1D0785F10054786E /* SDKObserver.swift in Sources */,
				736B4FE41D08AE6900DDFF89 /* EventHistoryUpdateResponder.swift in Sources */,
				736B4FE11D08A2E400DDFF89 /* ROXIMITYEventColors.swift in Sources */,
				7396BD331D077A710054786E /* SwiftDevStarterTests.swift in Sources */,
				736B4FDC1D087E9A00DDFF89 /* ROXEventTableViewCell.swift in Sources */,
			);
			runOnlyForDeploymentPostprocessing = 0;
		};
/* End PBXSourcesBuildPhase section */

/* Begin PBXTargetDependency section */
		7396BD301D077A710054786E /* PBXTargetDependency */ = {
			isa = PBXTargetDependency;
			target = 7396BD191D077A700054786E /* SwiftDevStarter */;
			targetProxy = 7396BD2F1D077A710054786E /* PBXContainerItemProxy */;
		};
/* End PBXTargetDependency section */

/* Begin PBXVariantGroup section */
		7396BD211D077A700054786E /* Main.storyboard */ = {
			isa = PBXVariantGroup;
			children = (
				7396BD221D077A700054786E /* Base */,
			);
			name = Main.storyboard;
			sourceTree = "<group>";
		};
		7396BD261D077A700054786E /* LaunchScreen.storyboard */ = {
			isa = PBXVariantGroup;
			children = (
				7396BD271D077A700054786E /* Base */,
			);
			name = LaunchScreen.storyboard;
			sourceTree = "<group>";
		};
/* End PBXVariantGroup section */

/* Begin XCBuildConfiguration section */
		7396BD351D077A710054786E /* Debug */ = {
			isa = XCBuildConfiguration;
			buildSettings = {
				ALWAYS_SEARCH_USER_PATHS = NO;
				CLANG_ANALYZER_NONNULL = YES;
				CLANG_CXX_LANGUAGE_STANDARD = "gnu++0x";
				CLANG_CXX_LIBRARY = "libc++";
				CLANG_ENABLE_MODULES = YES;
				CLANG_ENABLE_OBJC_ARC = YES;
				CLANG_WARN_BOOL_CONVERSION = YES;
				CLANG_WARN_CONSTANT_CONVERSION = YES;
				CLANG_WARN_DIRECT_OBJC_ISA_USAGE = YES_ERROR;
				CLANG_WARN_EMPTY_BODY = YES;
				CLANG_WARN_ENUM_CONVERSION = YES;
				CLANG_WARN_INT_CONVERSION = YES;
				CLANG_WARN_OBJC_ROOT_CLASS = YES_ERROR;
				CLANG_WARN_UNREACHABLE_CODE = YES;
				CLANG_WARN__DUPLICATE_METHOD_MATCH = YES;
				"CODE_SIGN_IDENTITY[sdk=iphoneos*]" = "iPhone Developer";
				COPY_PHASE_STRIP = NO;
				DEBUG_INFORMATION_FORMAT = dwarf;
				ENABLE_STRICT_OBJC_MSGSEND = YES;
				ENABLE_TESTABILITY = YES;
				GCC_C_LANGUAGE_STANDARD = gnu99;
				GCC_DYNAMIC_NO_PIC = NO;
				GCC_NO_COMMON_BLOCKS = YES;
				GCC_OPTIMIZATION_LEVEL = 0;
				GCC_PREPROCESSOR_DEFINITIONS = (
					"DEBUG=1",
					"$(inherited)",
				);
				GCC_WARN_64_TO_32_BIT_CONVERSION = YES;
				GCC_WARN_ABOUT_RETURN_TYPE = YES_ERROR;
				GCC_WARN_UNDECLARED_SELECTOR = YES;
				GCC_WARN_UNINITIALIZED_AUTOS = YES_AGGRESSIVE;
				GCC_WARN_UNUSED_FUNCTION = YES;
				GCC_WARN_UNUSED_VARIABLE = YES;
				IPHONEOS_DEPLOYMENT_TARGET = 9.0;
				MTL_ENABLE_DEBUG_INFO = YES;
				ONLY_ACTIVE_ARCH = YES;
				OTHER_LDFLAGS = "-ObjC";
				SDKROOT = iphoneos;
				SWIFT_OPTIMIZATION_LEVEL = "-Onone";
			};
			name = Debug;
		};
		7396BD361D077A710054786E /* Release */ = {
			isa = XCBuildConfiguration;
			buildSettings = {
				ALWAYS_SEARCH_USER_PATHS = NO;
				CLANG_ANALYZER_NONNULL = YES;
				CLANG_CXX_LANGUAGE_STANDARD = "gnu++0x";
				CLANG_CXX_LIBRARY = "libc++";
				CLANG_ENABLE_MODULES = YES;
				CLANG_ENABLE_OBJC_ARC = YES;
				CLANG_WARN_BOOL_CONVERSION = YES;
				CLANG_WARN_CONSTANT_CONVERSION = YES;
				CLANG_WARN_DIRECT_OBJC_ISA_USAGE = YES_ERROR;
				CLANG_WARN_EMPTY_BODY = YES;
				CLANG_WARN_ENUM_CONVERSION = YES;
				CLANG_WARN_INT_CONVERSION = YES;
				CLANG_WARN_OBJC_ROOT_CLASS = YES_ERROR;
				CLANG_WARN_UNREACHABLE_CODE = YES;
				CLANG_WARN__DUPLICATE_METHOD_MATCH = YES;
				"CODE_SIGN_IDENTITY[sdk=iphoneos*]" = "iPhone Developer";
				COPY_PHASE_STRIP = NO;
				DEBUG_INFORMATION_FORMAT = "dwarf-with-dsym";
				ENABLE_NS_ASSERTIONS = NO;
				ENABLE_STRICT_OBJC_MSGSEND = YES;
				GCC_C_LANGUAGE_STANDARD = gnu99;
				GCC_NO_COMMON_BLOCKS = YES;
				GCC_WARN_64_TO_32_BIT_CONVERSION = YES;
				GCC_WARN_ABOUT_RETURN_TYPE = YES_ERROR;
				GCC_WARN_UNDECLARED_SELECTOR = YES;
				GCC_WARN_UNINITIALIZED_AUTOS = YES_AGGRESSIVE;
				GCC_WARN_UNUSED_FUNCTION = YES;
				GCC_WARN_UNUSED_VARIABLE = YES;
				IPHONEOS_DEPLOYMENT_TARGET = 9.0;
				MTL_ENABLE_DEBUG_INFO = NO;
				OTHER_LDFLAGS = "-ObjC";
				SDKROOT = iphoneos;
				VALIDATE_PRODUCT = YES;
			};
			name = Release;
		};
		7396BD381D077A710054786E /* Debug */ = {
			isa = XCBuildConfiguration;
			buildSettings = {
				ASSETCATALOG_COMPILER_APPICON_NAME = AppIcon;
				INFOPLIST_FILE = SwiftDevStarter/Info.plist;
				LD_RUNPATH_SEARCH_PATHS = "$(inherited) @executable_path/Frameworks";
				LIBRARY_SEARCH_PATHS = (
					"$(inherited)",
					"$(PROJECT_DIR)/SwiftDevStarter",
				);
				PRODUCT_BUNDLE_IDENTIFIER = com.roximity.SwiftDevStarter;
				PRODUCT_NAME = "$(TARGET_NAME)";
				SWIFT_OBJC_BRIDGING_HEADER = "$(PROJECT_DIR)/SwiftDevStarter/SwiftDevStarter-Bridging-Header.h";
			};
			name = Debug;
		};
		7396BD391D077A710054786E /* Release */ = {
			isa = XCBuildConfiguration;
			buildSettings = {
				ASSETCATALOG_COMPILER_APPICON_NAME = AppIcon;
				INFOPLIST_FILE = SwiftDevStarter/Info.plist;
				LD_RUNPATH_SEARCH_PATHS = "$(inherited) @executable_path/Frameworks";
				LIBRARY_SEARCH_PATHS = (
					"$(inherited)",
					"$(PROJECT_DIR)/SwiftDevStarter",
				);
				PRODUCT_BUNDLE_IDENTIFIER = com.roximity.SwiftDevStarter;
				PRODUCT_NAME = "$(TARGET_NAME)";
				SWIFT_OBJC_BRIDGING_HEADER = "$(PROJECT_DIR)/SwiftDevStarter/SwiftDevStarter-Bridging-Header.h";
			};
			name = Release;
		};
		7396BD3B1D077A710054786E /* Debug */ = {
			isa = XCBuildConfiguration;
			buildSettings = {
				BUNDLE_LOADER = "$(TEST_HOST)";
				INFOPLIST_FILE = SwiftDevStarterTests/Info.plist;
				LD_RUNPATH_SEARCH_PATHS = "$(inherited) @executable_path/Frameworks @loader_path/Frameworks";
				PRODUCT_BUNDLE_IDENTIFIER = com.roximity.SwiftDevStarterTests;
				PRODUCT_NAME = "$(TARGET_NAME)";
				TEST_HOST = "$(BUILT_PRODUCTS_DIR)/SwiftDevStarter.app/SwiftDevStarter";
			};
			name = Debug;
		};
		7396BD3C1D077A710054786E /* Release */ = {
			isa = XCBuildConfiguration;
			buildSettings = {
				BUNDLE_LOADER = "$(TEST_HOST)";
				INFOPLIST_FILE = SwiftDevStarterTests/Info.plist;
				LD_RUNPATH_SEARCH_PATHS = "$(inherited) @executable_path/Frameworks @loader_path/Frameworks";
				PRODUCT_BUNDLE_IDENTIFIER = com.roximity.SwiftDevStarterTests;
				PRODUCT_NAME = "$(TARGET_NAME)";
				TEST_HOST = "$(BUILT_PRODUCTS_DIR)/SwiftDevStarter.app/SwiftDevStarter";
			};
			name = Release;
		};
/* End XCBuildConfiguration section */

/* Begin XCConfigurationList section */
		7396BD151D077A700054786E /* Build configuration list for PBXProject "SwiftDevStarter" */ = {
			isa = XCConfigurationList;
			buildConfigurations = (
				7396BD351D077A710054786E /* Debug */,
				7396BD361D077A710054786E /* Release */,
			);
			defaultConfigurationIsVisible = 0;
			defaultConfigurationName = Release;
		};
		7396BD371D077A710054786E /* Build configuration list for PBXNativeTarget "SwiftDevStarter" */ = {
			isa = XCConfigurationList;
			buildConfigurations = (
				7396BD381D077A710054786E /* Debug */,
				7396BD391D077A710054786E /* Release */,
			);
			defaultConfigurationIsVisible = 0;
			defaultConfigurationName = Release;
		};
		7396BD3A1D077A710054786E /* Build configuration list for PBXNativeTarget "SwiftDevStarterTests" */ = {
			isa = XCConfigurationList;
			buildConfigurations = (
				7396BD3B1D077A710054786E /* Debug */,
				7396BD3C1D077A710054786E /* Release */,
			);
			defaultConfigurationIsVisible = 0;
			defaultConfigurationName = Release;
		};
/* End XCConfigurationList section */
	};
	rootObject = 7396BD121D077A700054786E /* Project object */;
}
